
Microsoft Visual Studio Solution File, Format Version 12.00
# Visual Studio Version 17
VisualStudioVersion = 17.0.31903.59
MinimumVisualStudioVersion = 10.0.40219.1
Project("{9A19103F-16F7-4668-BE54-9A1E7A4F7556}") = "Xpymb.TestExercises.GameRepository", "src\Xpymb.TestExercises.GameRepository\Xpymb.TestExercises.GameRepository.csproj", "{257A4160-D1B9-4D04-86D6-A8FB9657B2ED}"
EndProject
Global
	GlobalSection(SolutionConfigurationPlatforms) = preSolution
		Debug|Any CPU = Debug|Any CPU
		Release|Any CPU = Release|Any CPU
	EndGlobalSection
	GlobalSection(ProjectConfigurationPlatforms) = postSolution
		{257A4160-D1B9-4D04-86D6-A8FB9657B2ED}.Debug|Any CPU.ActiveCfg = Debug|Any CPU
		{257A4160-D1B9-4D04-86D6-A8FB9657B2ED}.Debug|Any CPU.Build.0 = Debug|Any CPU
		{257A4160-D1B9-4D04-86D6-A8FB9657B2ED}.Release|Any CPU.ActiveCfg = Release|Any CPU
		{257A4160-D1B9-4D04-86D6-A8FB9657B2ED}.Release|Any CPU.Build.0 = Release|Any CPU
	EndGlobalSection
	GlobalSection(SolutionProperties) = preSolution
		HideSolutionNode = FALSE
	EndGlobalSection
	GlobalSection(ExtensibilityGlobals) = postSolution
		SolutionGuid = {054F5F98-D1D1-49FC-B240-558E965582EB}
	EndGlobalSection
EndGlobal
